
Microsoft Visual Studio Solution File, Format Version 12.00
# Visual Studio 15
VisualStudioVersion = 15.0.26430.13
MinimumVisualStudioVersion = 10.0.40219.1
Project("{FAE04EC0-301F-11D3-BF4B-00C04F79EFBC}") = "OpenEFI-Tuner", "OpenEFI-Tuner\OpenEFI-Tuner.csproj", "{09E93150-8D88-4CFB-88F4-0405E74915BE}"
EndProject
Project("{FAE04EC0-301F-11D3-BF4B-00C04F79EFBC}") = "AquaGauge", "..\AquaGauge_src\AquaGauge.csproj", "{0E5542E0-FC5D-4F67-950D-9F28C5D1225A}"
EndProject
Global
	GlobalSection(SolutionConfigurationPlatforms) = preSolution
		Debug|Any CPU = Debug|Any CPU
		Debug|x64 = Debug|x64
		Release|Any CPU = Release|Any CPU
		Release|x64 = Release|x64
	EndGlobalSection
	GlobalSection(ProjectConfigurationPlatforms) = postSolution
		{09E93150-8D88-4CFB-88F4-0405E74915BE}.Debug|Any CPU.ActiveCfg = Debug|Any CPU
		{09E93150-8D88-4CFB-88F4-0405E74915BE}.Debug|Any CPU.Build.0 = Debug|Any CPU
		{09E93150-8D88-4CFB-88F4-0405E74915BE}.Debug|x64.ActiveCfg = Debug|Any CPU
		{09E93150-8D88-4CFB-88F4-0405E74915BE}.Debug|x64.Build.0 = Debug|Any CPU
		{09E93150-8D88-4CFB-88F4-0405E74915BE}.Release|Any CPU.ActiveCfg = Release|Any CPU
		{09E93150-8D88-4CFB-88F4-0405E74915BE}.Release|Any CPU.Build.0 = Release|Any CPU
		{09E93150-8D88-4CFB-88F4-0405E74915BE}.Release|x64.ActiveCfg = Release|x64
		{09E93150-8D88-4CFB-88F4-0405E74915BE}.Release|x64.Build.0 = Release|x64
		{0E5542E0-FC5D-4F67-950D-9F28C5D1225A}.Debug|Any CPU.ActiveCfg = Debug|Any CPU
		{0E5542E0-FC5D-4F67-950D-9F28C5D1225A}.Debug|Any CPU.Build.0 = Debug|Any CPU
		{0E5542E0-FC5D-4F67-950D-9F28C5D1225A}.Debug|x64.ActiveCfg = Release|Any CPU
		{0E5542E0-FC5D-4F67-950D-9F28C5D1225A}.Debug|x64.Build.0 = Release|Any CPU
		{0E5542E0-FC5D-4F67-950D-9F28C5D1225A}.Release|Any CPU.ActiveCfg = Release|Any CPU
		{0E5542E0-FC5D-4F67-950D-9F28C5D1225A}.Release|Any CPU.Build.0 = Release|Any CPU
		{0E5542E0-FC5D-4F67-950D-9F28C5D1225A}.Release|x64.ActiveCfg = Release|Any CPU
		{0E5542E0-FC5D-4F67-950D-9F28C5D1225A}.Release|x64.Build.0 = Release|Any CPU
	EndGlobalSection
	GlobalSection(SolutionProperties) = preSolution
		HideSolutionNode = FALSE
	EndGlobalSection
EndGlobal
